
Microsoft Visual Studio Solution File, Format Version 12.00
# Visual Studio Version 16
VisualStudioVersion = 16.0.32002.261
MinimumVisualStudioVersion = 10.0.40219.1
Project("{FAE04EC0-301F-11D3-BF4B-00C04F79EFBC}") = "RESTAURANT ORDER SYSTEM", "RESTAURANT ORDER SYSTEM\RESTAURANT ORDER SYSTEM.csproj", "{424C43DF-F4D6-4685-AE58-AF8CBFA81A47}"
EndProject
Project("{FAE04EC0-301F-11D3-BF4B-00C04F79EFBC}") = "Mesaj_ve_Paylasim_Uygulaması", "..\..\..\Desktop\HüseyinToprak\PROJE1\Mesaj_ve_Paylasim_Uygulaması\Mesaj_ve_Paylasim_Uygulaması.csproj", "{1DD86FF7-1408-4F7B-8BD8-A6D8A786D860}"
EndProject
Global
	GlobalSection(SolutionConfigurationPlatforms) = preSolution
		Debug|Any CPU = Debug|Any CPU
		Release|Any CPU = Release|Any CPU
	EndGlobalSection
	GlobalSection(ProjectConfigurationPlatforms) = postSolution
		{424C43DF-F4D6-4685-AE58-AF8CBFA81A47}.Debug|Any CPU.ActiveCfg = Debug|Any CPU
		{424C43DF-F4D6-4685-AE58-AF8CBFA81A47}.Debug|Any CPU.Build.0 = Debug|Any CPU
		{424C43DF-F4D6-4685-AE58-AF8CBFA81A47}.Release|Any CPU.ActiveCfg = Release|Any CPU
		{424C43DF-F4D6-4685-AE58-AF8CBFA81A47}.Release|Any CPU.Build.0 = Release|Any CPU
		{1DD86FF7-1408-4F7B-8BD8-A6D8A786D860}.Debug|Any CPU.ActiveCfg = Debug|Any CPU
		{1DD86FF7-1408-4F7B-8BD8-A6D8A786D860}.Debug|Any CPU.Build.0 = Debug|Any CPU
		{1DD86FF7-1408-4F7B-8BD8-A6D8A786D860}.Release|Any CPU.ActiveCfg = Release|Any CPU
		{1DD86FF7-1408-4F7B-8BD8-A6D8A786D860}.Release|Any CPU.Build.0 = Release|Any CPU
	EndGlobalSection
	GlobalSection(SolutionProperties) = preSolution
		HideSolutionNode = FALSE
	EndGlobalSection
	GlobalSection(ExtensibilityGlobals) = postSolution
		SolutionGuid = {62C40555-0CDB-4A86-97FD-217BF633F328}
	EndGlobalSection
EndGlobal
